// !$*UTF8*$!
{
	archiveVersion = 1;
	classes = {
	};
	objectVersion = 46;
	objects = {

/* Begin PBXBuildFile section */
		48009FBE161A0AE00015C4B2 /* Default-568h@2x.png in Resources */ = {isa = PBXBuildFile; fileRef = 48009FBD161A0AE00015C4B2 /* Default-568h@2x.png */; };
		487BA4681594B02C00EEB099 /* UIKit.framework in Frameworks */ = {isa = PBXBuildFile; fileRef = 487BA4671594B02C00EEB099 /* UIKit.framework */; };
		487BA46A1594B02C00EEB099 /* Foundation.framework in Frameworks */ = {isa = PBXBuildFile; fileRef = 487BA4691594B02C00EEB099 /* Foundation.framework */; };
		487BA46C1594B02C00EEB099 /* CoreGraphics.framework in Frameworks */ = {isa = PBXBuildFile; fileRef = 487BA46B1594B02C00EEB099 /* CoreGraphics.framework */; };
		487BA4721594B02C00EEB099 /* InfoPlist.strings in Resources */ = {isa = PBXBuildFile; fileRef = 487BA4701594B02C00EEB099 /* InfoPlist.strings */; };
		487BA4741594B02C00EEB099 /* main.m in Sources */ = {isa = PBXBuildFile; fileRef = 487BA4731594B02C00EEB099 /* main.m */; };
		487BA4781594B02C00EEB099 /* BRAppDelegate.m in Sources */ = {isa = PBXBuildFile; fileRef = 487BA4771594B02C00EEB099 /* BRAppDelegate.m */; };
		487BA47B1594B02C00EEB099 /* MainStoryboard.storyboard in Resources */ = {isa = PBXBuildFile; fileRef = 487BA4791594B02C00EEB099 /* MainStoryboard.storyboard */; };
		487BA47E1594B02C00EEB099 /* BRViewController.m in Sources */ = {isa = PBXBuildFile; fileRef = 487BA47D1594B02C00EEB099 /* BRViewController.m */; };
		487BA4C71597724200EEB099 /* Default.png in Resources */ = {isa = PBXBuildFile; fileRef = 487BA4BF1597724200EEB099 /* Default.png */; };
		487BA4C81597724200EEB099 /* Default@2x.png in Resources */ = {isa = PBXBuildFile; fileRef = 487BA4C01597724200EEB099 /* Default@2x.png */; };
		487BA4C91597724200EEB099 /* Icon-72.png in Resources */ = {isa = PBXBuildFile; fileRef = 487BA4C11597724200EEB099 /* Icon-72.png */; };
		487BA4CA1597724200EEB099 /* Icon-72@2x.png in Resources */ = {isa = PBXBuildFile; fileRef = 487BA4C21597724200EEB099 /* Icon-72@2x.png */; };
		487BA4CB1597724200EEB099 /* Icon-Small.png in Resources */ = {isa = PBXBuildFile; fileRef = 487BA4C31597724200EEB099 /* Icon-Small.png */; };
		487BA4CC1597724200EEB099 /* Icon-Small@2x.png in Resources */ = {isa = PBXBuildFile; fileRef = 487BA4C41597724200EEB099 /* Icon-Small@2x.png */; };
		487BA4CD1597724200EEB099 /* Icon.png in Resources */ = {isa = PBXBuildFile; fileRef = 487BA4C51597724200EEB099 /* Icon.png */; };
		487BA4CE1597724200EEB099 /* Icon@2x.png in Resources */ = {isa = PBXBuildFile; fileRef = 487BA4C61597724200EEB099 /* Icon@2x.png */; };
/* End PBXBuildFile section */

/* Begin PBXFileReference section */
		48009FBD161A0AE00015C4B2 /* Default-568h@2x.png */ = {isa = PBXFileReference; lastKnownFileType = image.png; path = "Default-568h@2x.png"; sourceTree = "<group>"; };
		487BA4631594B02C00EEB099 /* BirthdayReminder.app */ = {isa = PBXFileReference; explicitFileType = wrapper.application; includeInIndex = 0; path = BirthdayReminder.app; sourceTree = BUILT_PRODUCTS_DIR; };
		487BA4671594B02C00EEB099 /* UIKit.framework */ = {isa = PBXFileReference; lastKnownFileType = wrapper.framework; name = UIKit.framework; path = System/Library/Frameworks/UIKit.framework; sourceTree = SDKROOT; };
		487BA4691594B02C00EEB099 /* Foundation.framework */ = {isa = PBXFileReference; lastKnownFileType = wrapper.framework; name = Foundation.framework; path = System/Library/Frameworks/Foundation.framework; sourceTree = SDKROOT; };
		487BA46B1594B02C00EEB099 /* CoreGraphics.framework */ = {isa = PBXFileReference; lastKnownFileType = wrapper.framework; name = CoreGraphics.framework; path = System/Library/Frameworks/CoreGraphics.framework; sourceTree = SDKROOT; };
		487BA46F1594B02C00EEB099 /* BirthdayReminder-Info.plist */ = {isa = PBXFileReference; lastKnownFileType = text.plist.xml; path = "BirthdayReminder-Info.plist"; sourceTree = "<group>"; };
		487BA4711594B02C00EEB099 /* en */ = {isa = PBXFileReference; lastKnownFileType = text.plist.strings; name = en; path = en.lproj/InfoPlist.strings; sourceTree = "<group>"; };
		487BA4731594B02C00EEB099 /* main.m */ = {isa = PBXFileReference; lastKnownFileType = sourcecode.c.objc; path = main.m; sourceTree = "<group>"; };
		487BA4751594B02C00EEB099 /* BirthdayReminder-Prefix.pch */ = {isa = PBXFileReference; lastKnownFileType = sourcecode.c.h; path = "BirthdayReminder-Prefix.pch"; sourceTree = "<group>"; };
		487BA4761594B02C00EEB099 /* BRAppDelegate.h */ = {isa = PBXFileReference; lastKnownFileType = sourcecode.c.h; path = BRAppDelegate.h; sourceTree = "<group>"; };
		487BA4771594B02C00EEB099 /* BRAppDelegate.m */ = {isa = PBXFileReference; lastKnownFileType = sourcecode.c.objc; path = BRAppDelegate.m; sourceTree = "<group>"; };
		487BA47A1594B02C00EEB099 /* en */ = {isa = PBXFileReference; lastKnownFileType = file.storyboard; name = en; path = en.lproj/MainStoryboard.storyboard; sourceTree = "<group>"; };
		487BA47C1594B02C00EEB099 /* BRViewController.h */ = {isa = PBXFileReference; lastKnownFileType = sourcecode.c.h; path = BRViewController.h; sourceTree = "<group>"; };
		487BA47D1594B02C00EEB099 /* BRViewController.m */ = {isa = PBXFileReference; lastKnownFileType = sourcecode.c.objc; path = BRViewController.m; sourceTree = "<group>"; };
		487BA4BF1597724200EEB099 /* Default.png */ = {isa = PBXFileReference; lastKnownFileType = image.png; path = Default.png; sourceTree = "<group>"; };
		487BA4C01597724200EEB099 /* Default@2x.png */ = {isa = PBXFileReference; lastKnownFileType = image.png; path = "Default@2x.png"; sourceTree = "<group>"; };
		487BA4C11597724200EEB099 /* Icon-72.png */ = {isa = PBXFileReference; lastKnownFileType = image.png; path = "Icon-72.png"; sourceTree = "<group>"; };
		487BA4C21597724200EEB099 /* Icon-72@2x.png */ = {isa = PBXFileReference; lastKnownFileType = image.png; path = "Icon-72@2x.png"; sourceTree = "<group>"; };
		487BA4C31597724200EEB099 /* Icon-Small.png */ = {isa = PBXFileReference; lastKnownFileType = image.png; path = "Icon-Small.png"; sourceTree = "<group>"; };
		487BA4C41597724200EEB099 /* Icon-Small@2x.png */ = {isa = PBXFileReference; lastKnownFileType = image.png; path = "Icon-Small@2x.png"; sourceTree = "<group>"; };
		487BA4C51597724200EEB099 /* Icon.png */ = {isa = PBXFileReference; lastKnownFileType = image.png; path = Icon.png; sourceTree = "<group>"; };
		487BA4C61597724200EEB099 /* Icon@2x.png */ = {isa = PBXFileReference; lastKnownFileType = image.png; path = "Icon@2x.png"; sourceTree = "<group>"; };
/* End PBXFileReference section */

/* Begin PBXFrameworksBuildPhase section */
		487BA4601594B02B00EEB099 /* Frameworks */ = {
			isa = PBXFrameworksBuildPhase;
			buildActionMask = 2147483647;
			files = (
				487BA4681594B02C00EEB099 /* UIKit.framework in Frameworks */,
				487BA46A1594B02C00EEB099 /* Foundation.framework in Frameworks */,
				487BA46C1594B02C00EEB099 /* CoreGraphics.framework in Frameworks */,
			);
			runOnlyForDeploymentPostprocessing = 0;
		};
/* End PBXFrameworksBuildPhase section */

/* Begin PBXGroup section */
		487BA4581594B02B00EEB099 = {
			isa = PBXGroup;
			children = (
				487BA46D1594B02C00EEB099 /* BirthdayReminder */,
				487BA4661594B02C00EEB099 /* Frameworks */,
				487BA4641594B02C00EEB099 /* Products */,
			);
			sourceTree = "<group>";
		};
		487BA4641594B02C00EEB099 /* Products */ = {
			isa = PBXGroup;
			children = (
				487BA4631594B02C00EEB099 /* BirthdayReminder.app */,
			);
			name = Products;
			sourceTree = "<group>";
		};
		487BA4661594B02C00EEB099 /* Frameworks */ = {
			isa = PBXGroup;
			children = (
				487BA4671594B02C00EEB099 /* UIKit.framework */,
				487BA4691594B02C00EEB099 /* Foundation.framework */,
				487BA46B1594B02C00EEB099 /* CoreGraphics.framework */,
			);
			name = Frameworks;
			sourceTree = "<group>";
		};
		487BA46D1594B02C00EEB099 /* BirthdayReminder */ = {
			isa = PBXGroup;
			children = (
				487BA4761594B02C00EEB099 /* BRAppDelegate.h */,
				487BA4771594B02C00EEB099 /* BRAppDelegate.m */,
				487BA4791594B02C00EEB099 /* MainStoryboard.storyboard */,
				487BA47C1594B02C00EEB099 /* BRViewController.h */,
				487BA47D1594B02C00EEB099 /* BRViewController.m */,
				487BA4BD1597724200EEB099 /* resources */,
				487BA46E1594B02C00EEB099 /* Supporting Files */,
			);
			path = BirthdayReminder;
			sourceTree = "<group>";
		};
		487BA46E1594B02C00EEB099 /* Supporting Files */ = {
			isa = PBXGroup;
			children = (
				487BA46F1594B02C00EEB099 /* BirthdayReminder-Info.plist */,
				487BA4701594B02C00EEB099 /* InfoPlist.strings */,
				487BA4731594B02C00EEB099 /* main.m */,
				487BA4751594B02C00EEB099 /* BirthdayReminder-Prefix.pch */,
			);
			name = "Supporting Files";
			sourceTree = "<group>";
		};
		487BA4BD1597724200EEB099 /* resources */ = {
			isa = PBXGroup;
			children = (
				487BA4BE1597724200EEB099 /* images */,
			);
			path = resources;
			sourceTree = "<group>";
		};
		487BA4BE1597724200EEB099 /* images */ = {
			isa = PBXGroup;
			children = (
				48009FBD161A0AE00015C4B2 /* Default-568h@2x.png */,
				487BA4BF1597724200EEB099 /* Default.png */,
				487BA4C01597724200EEB099 /* Default@2x.png */,
				487BA4C11597724200EEB099 /* Icon-72.png */,
				487BA4C21597724200EEB099 /* Icon-72@2x.png */,
				487BA4C31597724200EEB099 /* Icon-Small.png */,
				487BA4C41597724200EEB099 /* Icon-Small@2x.png */,
				487BA4C51597724200EEB099 /* Icon.png */,
				487BA4C61597724200EEB099 /* Icon@2x.png */,
			);
			path = images;
			sourceTree = "<group>";
		};
/* End PBXGroup section */

/* Begin PBXNativeTarget section */
		487BA4621594B02B00EEB099 /* BirthdayReminder */ = {
			isa = PBXNativeTarget;
			buildConfigurationList = 487BA4811594B02C00EEB099 /* Build configuration list for PBXNativeTarget "BirthdayReminder" */;
			buildPhases = (
				487BA45F1594B02B00EEB099 /* Sources */,
				487BA4601594B02B00EEB099 /* Frameworks */,
				487BA4611594B02B00EEB099 /* Resources */,
			);
			buildRules = (
			);
			dependencies = (
			);
			name = BirthdayReminder;
			productName = BirthdayReminder;
			productReference = 487BA4631594B02C00EEB099 /* BirthdayReminder.app */;
			productType = "com.apple.product-type.application";
		};
/* End PBXNativeTarget section */

/* Begin PBXProject section */
		487BA45A1594B02B00EEB099 /* Project object */ = {
			isa = PBXProject;
			attributes = {
				CLASSPREFIX = BR;
				LastUpgradeCheck = 0450;
				ORGANIZATIONNAME = "Nick Kuh";
			};
			buildConfigurationList = 487BA45D1594B02B00EEB099 /* Build configuration list for PBXProject "BirthdayReminder" */;
			compatibilityVersion = "Xcode 3.2";
			developmentRegion = English;
			hasScannedForEncodings = 0;
			knownRegions = (
				en,
			);
			mainGroup = 487BA4581594B02B00EEB099;
			productRefGroup = 487BA4641594B02C00EEB099 /* Products */;
			projectDirPath = "";
			projectRoot = "";
			targets = (
				487BA4621594B02B00EEB099 /* BirthdayReminder */,
			);
		};
/* End PBXProject section */

/* Begin PBXResourcesBuildPhase section */
		487BA4611594B02B00EEB099 /* Resources */ = {
			isa = PBXResourcesBuildPhase;
			buildActionMask = 2147483647;
			files = (
				487BA4721594B02C00EEB099 /* InfoPlist.strings in Resources */,
				487BA47B1594B02C00EEB099 /* MainStoryboard.storyboard in Resources */,
				487BA4C71597724200EEB099 /* Default.png in Resources */,
				487BA4C81597724200EEB099 /* Default@2x.png in Resources */,
				487BA4C91597724200EEB099 /* Icon-72.png in Resources */,
				487BA4CA1597724200EEB099 /* Icon-72@2x.png in Resources */,
				487BA4CB1597724200EEB099 /* Icon-Small.png in Resources */,
				487BA4CC1597724200EEB099 /* Icon-Small@2x.png in Resources */,
				487BA4CD1597724200EEB099 /* Icon.png in Resources */,
				487BA4CE1597724200EEB099 /* Icon@2x.png in Resources */,
				48009FBE161A0AE00015C4B2 /* Default-568h@2x.png in Resources */,
			);
			runOnlyForDeploymentPostprocessing = 0;
		};
/* End PBXResourcesBuildPhase section */

/* Begin PBXSourcesBuildPhase section */
		487BA45F1594B02B00EEB099 /* Sources */ = {
			isa = PBXSourcesBuildPhase;
			buildActionMask = 2147483647;
			files = (
				487BA4741594B02C00EEB099 /* main.m in Sources */,
				487BA4781594B02C00EEB099 /* BRAppDelegate.m in Sources */,
				487BA47E1594B02C00EEB099 /* BRViewController.m in Sources */,
			);
			runOnlyForDeploymentPostprocessing = 0;
		};
/* End PBXSourcesBuildPhase section */

/* Begin PBXVariantGroup section */
		487BA4701594B02C00EEB099 /* InfoPlist.strings */ = {
			isa = PBXVariantGroup;
			children = (
				487BA4711594B02C00EEB099 /* en */,
			);
			name = InfoPlist.strings;
			sourceTree = "<group>";
		};
		487BA4791594B02C00EEB099 /* MainStoryboard.storyboard */ = {
			isa = PBXVariantGroup;
			children = (
				487BA47A1594B02C00EEB099 /* en */,
			);
			name = MainStoryboard.storyboard;
			sourceTree = "<group>";
		};
/* End PBXVariantGroup section */

/* Begin XCBuildConfiguration section */
		487BA47F1594B02C00EEB099 /* Debug */ = {
			isa = XCBuildConfiguration;
			buildSettings = {
				ALWAYS_SEARCH_USER_PATHS = NO;
				CLANG_CXX_LANGUAGE_STANDARD = "gnu++0x";
				CLANG_ENABLE_OBJC_ARC = YES;
				CLANG_WARN__DUPLICATE_METHOD_MATCH = YES;
				"CODE_SIGN_IDENTITY[sdk=iphoneos*]" = "iPhone Developer";
				COPY_PHASE_STRIP = NO;
				GCC_C_LANGUAGE_STANDARD = gnu99;
				GCC_DYNAMIC_NO_PIC = NO;
				GCC_OPTIMIZATION_LEVEL = 0;
				GCC_PREPROCESSOR_DEFINITIONS = (
					"DEBUG=1",
					"$(inherited)",
				);
				GCC_SYMBOLS_PRIVATE_EXTERN = NO;
				GCC_WARN_ABOUT_RETURN_TYPE = YES;
				GCC_WARN_UNINITIALIZED_AUTOS = YES;
				GCC_WARN_UNUSED_VARIABLE = YES;
				IPHONEOS_DEPLOYMENT_TARGET = 6.0;
				SDKROOT = iphoneos;
			};
			name = Debug;
		};
		487BA4801594B02C00EEB099 /* Release */ = {
			isa = XCBuildConfiguration;
			buildSettings = {
				ALWAYS_SEARCH_USER_PATHS = NO;
				CLANG_CXX_LANGUAGE_STANDARD = "gnu++0x";
				CLANG_ENABLE_OBJC_ARC = YES;
				CLANG_WARN__DUPLICATE_METHOD_MATCH = YES;
				"CODE_SIGN_IDENTITY[sdk=iphoneos*]" = "iPhone Developer";
				COPY_PHASE_STRIP = YES;
				GCC_C_LANGUAGE_STANDARD = gnu99;
				GCC_WARN_ABOUT_RETURN_TYPE = YES;
				GCC_WARN_UNINITIALIZED_AUTOS = YES;
				GCC_WARN_UNUSED_VARIABLE = YES;
				IPHONEOS_DEPLOYMENT_TARGET = 6.0;
				OTHER_CFLAGS = "-DNS_BLOCK_ASSERTIONS=1";
				SDKROOT = iphoneos;
				VALIDATE_PRODUCT = YES;
			};
			name = Release;
		};
		487BA4821594B02C00EEB099 /* Debug */ = {
			isa = XCBuildConfiguration;
			buildSettings = {
				GCC_PRECOMPILE_PREFIX_HEADER = YES;
				GCC_PREFIX_HEADER = "BirthdayReminder/BirthdayReminder-Prefix.pch";
				INFOPLIST_FILE = "BirthdayReminder/BirthdayReminder-Info.plist";
				PRODUCT_NAME = "$(TARGET_NAME)";
				WRAPPER_EXTENSION = app;
			};
			name = Debug;
		};
		487BA4831594B02C00EEB099 /* Release */ = {
			isa = XCBuildConfiguration;
			buildSettings = {
				GCC_PRECOMPILE_PREFIX_HEADER = YES;
				GCC_PREFIX_HEADER = "BirthdayReminder/BirthdayReminder-Prefix.pch";
				INFOPLIST_FILE = "BirthdayReminder/BirthdayReminder-Info.plist";
				PRODUCT_NAME = "$(TARGET_NAME)";
				WRAPPER_EXTENSION = app;
			};
			name = Release;
		};
/* End XCBuildConfiguration section */

/* Begin XCConfigurationList section */
		487BA45D1594B02B00EEB099 /* Build configuration list for PBXProject "BirthdayReminder" */ = {
			isa = XCConfigurationList;
			buildConfigurations = (
				487BA47F1594B02C00EEB099 /* Debug */,
				487BA4801594B02C00EEB099 /* Release */,
			);
			defaultConfigurationIsVisible = 0;
			defaultConfigurationName = Release;
		};
		487BA4811594B02C00EEB099 /* Build configuration list for PBXNativeTarget "BirthdayReminder" */ = {
			isa = XCConfigurationList;
			buildConfigurations = (
				487BA4821594B02C00EEB099 /* Debug */,
				487BA4831594B02C00EEB099 /* Release */,
			);
			defaultConfigurationIsVisible = 0;
			defaultConfigurationName = Release;
		};
/* End XCConfigurationList section */
	};
	rootObject = 487BA45A1594B02B00EEB099 /* Project object */;
}
