// !$*UTF8*$!
{
	archiveVersion = 1;
	classes = {
	};
	objectVersion = 46;
	objects = {

/* Begin PBXBuildFile section */
		48112A7B161DD4FE0094A639 /* Default-568h@2x.png in Resources */ = {isa = PBXBuildFile; fileRef = 48112A7A161DD4FE0094A639 /* Default-568h@2x.png */; };
		484F123315C5EC8200AF5BBD /* BRBlueButton.m in Sources */ = {isa = PBXBuildFile; fileRef = 484F123215C5EC8200AF5BBD /* BRBlueButton.m */; };
		484F123715C5EC9B00AF5BBD /* BRRedButton.m in Sources */ = {isa = PBXBuildFile; fileRef = 484F123615C5EC9B00AF5BBD /* BRRedButton.m */; };
		4867FEA215C15B970051C7DB /* CoreData.framework in Frameworks */ = {isa = PBXBuildFile; fileRef = 4867FEA115C15B970051C7DB /* CoreData.framework */; };
		4867FEA715C15BE70051C7DB /* BirthdayReminder.xcdatamodeld in Sources */ = {isa = PBXBuildFile; fileRef = 4867FEA515C15BE70051C7DB /* BirthdayReminder.xcdatamodeld */; };
		4867FEAA15C15D000051C7DB /* BRDBirthday.m in Sources */ = {isa = PBXBuildFile; fileRef = 4867FEA915C15D000051C7DB /* BRDBirthday.m */; };
		4867FEAD15C15ED70051C7DB /* BRDModel.m in Sources */ = {isa = PBXBuildFile; fileRef = 4867FEAC15C15ED70051C7DB /* BRDModel.m */; };
		487BA4681594B02C00EEB099 /* UIKit.framework in Frameworks */ = {isa = PBXBuildFile; fileRef = 487BA4671594B02C00EEB099 /* UIKit.framework */; };
		487BA46A1594B02C00EEB099 /* Foundation.framework in Frameworks */ = {isa = PBXBuildFile; fileRef = 487BA4691594B02C00EEB099 /* Foundation.framework */; };
		487BA46C1594B02C00EEB099 /* CoreGraphics.framework in Frameworks */ = {isa = PBXBuildFile; fileRef = 487BA46B1594B02C00EEB099 /* CoreGraphics.framework */; };
		487BA4721594B02C00EEB099 /* InfoPlist.strings in Resources */ = {isa = PBXBuildFile; fileRef = 487BA4701594B02C00EEB099 /* InfoPlist.strings */; };
		487BA4741594B02C00EEB099 /* main.m in Sources */ = {isa = PBXBuildFile; fileRef = 487BA4731594B02C00EEB099 /* main.m */; };
		487BA4781594B02C00EEB099 /* BRAppDelegate.m in Sources */ = {isa = PBXBuildFile; fileRef = 487BA4771594B02C00EEB099 /* BRAppDelegate.m */; };
		487BA47B1594B02C00EEB099 /* MainStoryboard.storyboard in Resources */ = {isa = PBXBuildFile; fileRef = 487BA4791594B02C00EEB099 /* MainStoryboard.storyboard */; };
		487BA4C71597724200EEB099 /* Default.png in Resources */ = {isa = PBXBuildFile; fileRef = 487BA4BF1597724200EEB099 /* Default.png */; };
		487BA4C81597724200EEB099 /* Default@2x.png in Resources */ = {isa = PBXBuildFile; fileRef = 487BA4C01597724200EEB099 /* Default@2x.png */; };
		487BA4C91597724200EEB099 /* Icon-72.png in Resources */ = {isa = PBXBuildFile; fileRef = 487BA4C11597724200EEB099 /* Icon-72.png */; };
		487BA4CA1597724200EEB099 /* Icon-72@2x.png in Resources */ = {isa = PBXBuildFile; fileRef = 487BA4C21597724200EEB099 /* Icon-72@2x.png */; };
		487BA4CB1597724200EEB099 /* Icon-Small.png in Resources */ = {isa = PBXBuildFile; fileRef = 487BA4C31597724200EEB099 /* Icon-Small.png */; };
		487BA4CC1597724200EEB099 /* Icon-Small@2x.png in Resources */ = {isa = PBXBuildFile; fileRef = 487BA4C41597724200EEB099 /* Icon-Small@2x.png */; };
		487BA4CD1597724200EEB099 /* Icon.png in Resources */ = {isa = PBXBuildFile; fileRef = 487BA4C51597724200EEB099 /* Icon.png */; };
		487BA4CE1597724200EEB099 /* Icon@2x.png in Resources */ = {isa = PBXBuildFile; fileRef = 487BA4C61597724200EEB099 /* Icon@2x.png */; };
		48BA416815A44FBE00F5885A /* BRHomeViewController.m in Sources */ = {isa = PBXBuildFile; fileRef = 48BA416715A44FBE00F5885A /* BRHomeViewController.m */; };
		48BA416B15A44FCC00F5885A /* BRBirthdayDetailViewController.m in Sources */ = {isa = PBXBuildFile; fileRef = 48BA416A15A44FCC00F5885A /* BRBirthdayDetailViewController.m */; };
		48BEC16815A5B7EB00263FBD /* BRCoreViewController.m in Sources */ = {isa = PBXBuildFile; fileRef = 48BEC16715A5B7EB00263FBD /* BRCoreViewController.m */; };
		48BEC16C15A5BF6E00263FBD /* BRNotesEditViewController.m in Sources */ = {isa = PBXBuildFile; fileRef = 48BEC16B15A5BF6D00263FBD /* BRNotesEditViewController.m */; };
		48BEC17915A5C23E00263FBD /* BRSettingsViewController.m in Sources */ = {isa = PBXBuildFile; fileRef = 48BEC17815A5C23E00263FBD /* BRSettingsViewController.m */; };
		48BEC17C15A5C44D00263FBD /* BRNotificationTimeViewController.m in Sources */ = {isa = PBXBuildFile; fileRef = 48BEC17B15A5C44D00263FBD /* BRNotificationTimeViewController.m */; };
		48BEC19715A718C300263FBD /* icon-birthday-cake.png in Resources */ = {isa = PBXBuildFile; fileRef = 48BEC19315A718C300263FBD /* icon-birthday-cake.png */; };
		48BEC19815A718C300263FBD /* icon-birthday-cake@2x.png in Resources */ = {isa = PBXBuildFile; fileRef = 48BEC19415A718C300263FBD /* icon-birthday-cake@2x.png */; };
		48BEC19915A718C300263FBD /* thumbnail-background.png in Resources */ = {isa = PBXBuildFile; fileRef = 48BEC19515A718C300263FBD /* thumbnail-background.png */; };
		48BEC19A15A718C300263FBD /* thumbnail-background@2x.png in Resources */ = {isa = PBXBuildFile; fileRef = 48BEC19615A718C300263FBD /* thumbnail-background@2x.png */; };
		48C7953915AD863E00A2C4C8 /* aloe-blacc.jpg in Resources */ = {isa = PBXBuildFile; fileRef = 48C7952F15AD863E00A2C4C8 /* aloe-blacc.jpg */; };
		48C7953A15AD863E00A2C4C8 /* angelina-jolie.jpg in Resources */ = {isa = PBXBuildFile; fileRef = 48C7953015AD863E00A2C4C8 /* angelina-jolie.jpg */; };
		48C7953B15AD863E00A2C4C8 /* brad-pitt.jpg in Resources */ = {isa = PBXBuildFile; fileRef = 48C7953115AD863E00A2C4C8 /* brad-pitt.jpg */; };
		48C7953C15AD863E00A2C4C8 /* christina-aguilera.jpg in Resources */ = {isa = PBXBuildFile; fileRef = 48C7953215AD863E00A2C4C8 /* christina-aguilera.jpg */; };
		48C7953D15AD863E00A2C4C8 /* jamie-oliver.jpg in Resources */ = {isa = PBXBuildFile; fileRef = 48C7953315AD863E00A2C4C8 /* jamie-oliver.jpg */; };
		48C7953E15AD863E00A2C4C8 /* justin-bieber.jpg in Resources */ = {isa = PBXBuildFile; fileRef = 48C7953415AD863E00A2C4C8 /* justin-bieber.jpg */; };
		48C7953F15AD863E00A2C4C8 /* katy-perry.jpg in Resources */ = {isa = PBXBuildFile; fileRef = 48C7953515AD863E00A2C4C8 /* katy-perry.jpg */; };
		48C7954015AD863E00A2C4C8 /* olly-murs.jpg in Resources */ = {isa = PBXBuildFile; fileRef = 48C7953615AD863E00A2C4C8 /* olly-murs.jpg */; };
		48C7954115AD863E00A2C4C8 /* russell-brand.jpg in Resources */ = {isa = PBXBuildFile; fileRef = 48C7953715AD863E00A2C4C8 /* russell-brand.jpg */; };
		48C7954215AD863E00A2C4C8 /* scarlett-johansson.jpg in Resources */ = {isa = PBXBuildFile; fileRef = 48C7953815AD863E00A2C4C8 /* scarlett-johansson.jpg */; };
		48C7954515AD864500A2C4C8 /* birthdays.plist in Resources */ = {isa = PBXBuildFile; fileRef = 48C7954415AD864500A2C4C8 /* birthdays.plist */; };
		48DCFDF515A594FE006B2C66 /* BRBirthdayEditViewController.m in Sources */ = {isa = PBXBuildFile; fileRef = 48DCFDF415A594FE006B2C66 /* BRBirthdayEditViewController.m */; };
		48DEA8E015C17F9E00397172 /* UIImage+Thumbnail.m in Sources */ = {isa = PBXBuildFile; fileRef = 48DEA8DF15C17F9E00397172 /* UIImage+Thumbnail.m */; };
		48DEA8FB15C2AC7800397172 /* app-background.png in Resources */ = {isa = PBXBuildFile; fileRef = 48DEA8F915C2AC7800397172 /* app-background.png */; };
		48DEA8FC15C2AC7800397172 /* app-background@2x.png in Resources */ = {isa = PBXBuildFile; fileRef = 48DEA8FA15C2AC7800397172 /* app-background@2x.png */; };
		48DEA91C15C2B5B900397172 /* icon-days-remaining.png in Resources */ = {isa = PBXBuildFile; fileRef = 48DEA91A15C2B5B900397172 /* icon-days-remaining.png */; };
		48DEA91D15C2B5B900397172 /* icon-days-remaining@2x.png in Resources */ = {isa = PBXBuildFile; fileRef = 48DEA91B15C2B5B900397172 /* icon-days-remaining@2x.png */; };
		48DEA92515C2E2D200397172 /* BRBirthdayTableViewCell.m in Sources */ = {isa = PBXBuildFile; fileRef = 48DEA92415C2E2D200397172 /* BRBirthdayTableViewCell.m */; };
		48DEA92A15C2E65E00397172 /* table-row-background.png in Resources */ = {isa = PBXBuildFile; fileRef = 48DEA92615C2E65E00397172 /* table-row-background.png */; };
		48DEA92B15C2E65E00397172 /* table-row-background@2x.png in Resources */ = {isa = PBXBuildFile; fileRef = 48DEA92715C2E65E00397172 /* table-row-background@2x.png */; };
		48DEA92C15C2E65E00397172 /* table-row-icing-background.png in Resources */ = {isa = PBXBuildFile; fileRef = 48DEA92815C2E65E00397172 /* table-row-icing-background.png */; };
		48DEA92D15C2E65E00397172 /* table-row-icing-background@2x.png in Resources */ = {isa = PBXBuildFile; fileRef = 48DEA92915C2E65E00397172 /* table-row-icing-background@2x.png */; };
		48DEA93015C2E80100397172 /* BRStyleSheet.m in Sources */ = {isa = PBXBuildFile; fileRef = 48DEA92F15C2E80100397172 /* BRStyleSheet.m */; };
		48DEA93615C2F14E00397172 /* QuartzCore.framework in Frameworks */ = {isa = PBXBuildFile; fileRef = 48DEA93515C2F14E00397172 /* QuartzCore.framework */; };
		48DEA93B15C2F26100397172 /* icon-add-new.png in Resources */ = {isa = PBXBuildFile; fileRef = 48DEA93715C2F26100397172 /* icon-add-new.png */; };
		48DEA93C15C2F26100397172 /* icon-add-new@2x.png in Resources */ = {isa = PBXBuildFile; fileRef = 48DEA93815C2F26100397172 /* icon-add-new@2x.png */; };
		48DEA93D15C2F26100397172 /* icon-settings.png in Resources */ = {isa = PBXBuildFile; fileRef = 48DEA93915C2F26100397172 /* icon-settings.png */; };
		48DEA93E15C2F26100397172 /* icon-settings@2x.png in Resources */ = {isa = PBXBuildFile; fileRef = 48DEA93A15C2F26100397172 /* icon-settings@2x.png */; };
		48DEA95315C2F3C400397172 /* button-blue.png in Resources */ = {isa = PBXBuildFile; fileRef = 48DEA93F15C2F3C400397172 /* button-blue.png */; };
		48DEA95415C2F3C400397172 /* button-blue@2x.png in Resources */ = {isa = PBXBuildFile; fileRef = 48DEA94015C2F3C400397172 /* button-blue@2x.png */; };
		48DEA95515C2F3C400397172 /* button-red.png in Resources */ = {isa = PBXBuildFile; fileRef = 48DEA94115C2F3C400397172 /* button-red.png */; };
		48DEA95615C2F3C400397172 /* button-red@2x.png in Resources */ = {isa = PBXBuildFile; fileRef = 48DEA94215C2F3C400397172 /* button-red@2x.png */; };
		48DEA95715C2F3C400397172 /* icon-call.png in Resources */ = {isa = PBXBuildFile; fileRef = 48DEA94315C2F3C400397172 /* icon-call.png */; };
		48DEA95815C2F3C400397172 /* icon-call@2x.png in Resources */ = {isa = PBXBuildFile; fileRef = 48DEA94415C2F3C400397172 /* icon-call@2x.png */; };
		48DEA95915C2F3C400397172 /* icon-delete.png in Resources */ = {isa = PBXBuildFile; fileRef = 48DEA94515C2F3C400397172 /* icon-delete.png */; };
		48DEA95A15C2F3C400397172 /* icon-delete@2x.png in Resources */ = {isa = PBXBuildFile; fileRef = 48DEA94615C2F3C400397172 /* icon-delete@2x.png */; };
		48DEA95B15C2F3C400397172 /* icon-email.png in Resources */ = {isa = PBXBuildFile; fileRef = 48DEA94715C2F3C400397172 /* icon-email.png */; };
		48DEA95C15C2F3C400397172 /* icon-email@2x.png in Resources */ = {isa = PBXBuildFile; fileRef = 48DEA94815C2F3C400397172 /* icon-email@2x.png */; };
		48DEA95D15C2F3C400397172 /* icon-facebook.png in Resources */ = {isa = PBXBuildFile; fileRef = 48DEA94915C2F3C400397172 /* icon-facebook.png */; };
		48DEA95E15C2F3C400397172 /* icon-facebook@2x.png in Resources */ = {isa = PBXBuildFile; fileRef = 48DEA94A15C2F3C400397172 /* icon-facebook@2x.png */; };
		48DEA95F15C2F3C400397172 /* icon-notes.png in Resources */ = {isa = PBXBuildFile; fileRef = 48DEA94B15C2F3C400397172 /* icon-notes.png */; };
		48DEA96015C2F3C400397172 /* icon-notes@2x.png in Resources */ = {isa = PBXBuildFile; fileRef = 48DEA94C15C2F3C400397172 /* icon-notes@2x.png */; };
		48DEA96115C2F3C400397172 /* icon-sms.png in Resources */ = {isa = PBXBuildFile; fileRef = 48DEA94D15C2F3C400397172 /* icon-sms.png */; };
		48DEA96215C2F3C400397172 /* icon-sms@2x.png in Resources */ = {isa = PBXBuildFile; fileRef = 48DEA94E15C2F3C400397172 /* icon-sms@2x.png */; };
		48DEA96315C2F3C400397172 /* navigation-bar-background.png in Resources */ = {isa = PBXBuildFile; fileRef = 48DEA94F15C2F3C400397172 /* navigation-bar-background.png */; };
		48DEA96415C2F3C400397172 /* navigation-bar-background@2x.png in Resources */ = {isa = PBXBuildFile; fileRef = 48DEA95015C2F3C400397172 /* navigation-bar-background@2x.png */; };
		48DEA96515C2F3C400397172 /* tool-bar-background.png in Resources */ = {isa = PBXBuildFile; fileRef = 48DEA95115C2F3C400397172 /* tool-bar-background.png */; };
		48DEA96615C2F3C400397172 /* tool-bar-background@2x.png in Resources */ = {isa = PBXBuildFile; fileRef = 48DEA95215C2F3C400397172 /* tool-bar-background@2x.png */; };
/* End PBXBuildFile section */

/* Begin PBXFileReference section */
		48112A7A161DD4FE0094A639 /* Default-568h@2x.png */ = {isa = PBXFileReference; lastKnownFileType = image.png; path = "Default-568h@2x.png"; sourceTree = "<group>"; };
		484F123115C5EC8200AF5BBD /* BRBlueButton.h */ = {isa = PBXFileReference; fileEncoding = 4; lastKnownFileType = sourcecode.c.h; path = BRBlueButton.h; sourceTree = "<group>"; };
		484F123215C5EC8200AF5BBD /* BRBlueButton.m */ = {isa = PBXFileReference; fileEncoding = 4; lastKnownFileType = sourcecode.c.objc; path = BRBlueButton.m; sourceTree = "<group>"; };
		484F123515C5EC9B00AF5BBD /* BRRedButton.h */ = {isa = PBXFileReference; fileEncoding = 4; lastKnownFileType = sourcecode.c.h; path = BRRedButton.h; sourceTree = "<group>"; };
		484F123615C5EC9B00AF5BBD /* BRRedButton.m */ = {isa = PBXFileReference; fileEncoding = 4; lastKnownFileType = sourcecode.c.objc; path = BRRedButton.m; sourceTree = "<group>"; };
		4867FEA115C15B970051C7DB /* CoreData.framework */ = {isa = PBXFileReference; lastKnownFileType = wrapper.framework; name = CoreData.framework; path = System/Library/Frameworks/CoreData.framework; sourceTree = SDKROOT; };
		4867FEA615C15BE70051C7DB /* BirthdayReminder.xcdatamodel */ = {isa = PBXFileReference; lastKnownFileType = wrapper.xcdatamodel; path = BirthdayReminder.xcdatamodel; sourceTree = "<group>"; };
		4867FEA815C15D000051C7DB /* BRDBirthday.h */ = {isa = PBXFileReference; fileEncoding = 4; lastKnownFileType = sourcecode.c.h; path = BRDBirthday.h; sourceTree = "<group>"; };
		4867FEA915C15D000051C7DB /* BRDBirthday.m */ = {isa = PBXFileReference; fileEncoding = 4; lastKnownFileType = sourcecode.c.objc; path = BRDBirthday.m; sourceTree = "<group>"; };
		4867FEAB15C15ED70051C7DB /* BRDModel.h */ = {isa = PBXFileReference; fileEncoding = 4; lastKnownFileType = sourcecode.c.h; path = BRDModel.h; sourceTree = "<group>"; };
		4867FEAC15C15ED70051C7DB /* BRDModel.m */ = {isa = PBXFileReference; fileEncoding = 4; lastKnownFileType = sourcecode.c.objc; path = BRDModel.m; sourceTree = "<group>"; };
		487BA4631594B02C00EEB099 /* BirthdayReminder.app */ = {isa = PBXFileReference; explicitFileType = wrapper.application; includeInIndex = 0; path = BirthdayReminder.app; sourceTree = BUILT_PRODUCTS_DIR; };
		487BA4671594B02C00EEB099 /* UIKit.framework */ = {isa = PBXFileReference; lastKnownFileType = wrapper.framework; name = UIKit.framework; path = System/Library/Frameworks/UIKit.framework; sourceTree = SDKROOT; };
		487BA4691594B02C00EEB099 /* Foundation.framework */ = {isa = PBXFileReference; lastKnownFileType = wrapper.framework; name = Foundation.framework; path = System/Library/Frameworks/Foundation.framework; sourceTree = SDKROOT; };
		487BA46B1594B02C00EEB099 /* CoreGraphics.framework */ = {isa = PBXFileReference; lastKnownFileType = wrapper.framework; name = CoreGraphics.framework; path = System/Library/Frameworks/CoreGraphics.framework; sourceTree = SDKROOT; };
		487BA46F1594B02C00EEB099 /* BirthdayReminder-Info.plist */ = {isa = PBXFileReference; lastKnownFileType = text.plist.xml; path = "BirthdayReminder-Info.plist"; sourceTree = "<group>"; };
		487BA4711594B02C00EEB099 /* en */ = {isa = PBXFileReference; lastKnownFileType = text.plist.strings; name = en; path = en.lproj/InfoPlist.strings; sourceTree = "<group>"; };
		487BA4731594B02C00EEB099 /* main.m */ = {isa = PBXFileReference; lastKnownFileType = sourcecode.c.objc; path = main.m; sourceTree = "<group>"; };
		487BA4751594B02C00EEB099 /* BirthdayReminder-Prefix.pch */ = {isa = PBXFileReference; lastKnownFileType = sourcecode.c.h; path = "BirthdayReminder-Prefix.pch"; sourceTree = "<group>"; };
		487BA4761594B02C00EEB099 /* BRAppDelegate.h */ = {isa = PBXFileReference; lastKnownFileType = sourcecode.c.h; path = BRAppDelegate.h; sourceTree = "<group>"; };
		487BA4771594B02C00EEB099 /* BRAppDelegate.m */ = {isa = PBXFileReference; lastKnownFileType = sourcecode.c.objc; path = BRAppDelegate.m; sourceTree = "<group>"; };
		487BA47A1594B02C00EEB099 /* en */ = {isa = PBXFileReference; lastKnownFileType = file.storyboard; name = en; path = en.lproj/MainStoryboard.storyboard; sourceTree = "<group>"; };
		487BA4BF1597724200EEB099 /* Default.png */ = {isa = PBXFileReference; lastKnownFileType = image.png; path = Default.png; sourceTree = "<group>"; };
		487BA4C01597724200EEB099 /* Default@2x.png */ = {isa = PBXFileReference; lastKnownFileType = image.png; path = "Default@2x.png"; sourceTree = "<group>"; };
		487BA4C11597724200EEB099 /* Icon-72.png */ = {isa = PBXFileReference; lastKnownFileType = image.png; path = "Icon-72.png"; sourceTree = "<group>"; };
		487BA4C21597724200EEB099 /* Icon-72@2x.png */ = {isa = PBXFileReference; lastKnownFileType = image.png; path = "Icon-72@2x.png"; sourceTree = "<group>"; };
		487BA4C31597724200EEB099 /* Icon-Small.png */ = {isa = PBXFileReference; lastKnownFileType = image.png; path = "Icon-Small.png"; sourceTree = "<group>"; };
		487BA4C41597724200EEB099 /* Icon-Small@2x.png */ = {isa = PBXFileReference; lastKnownFileType = image.png; path = "Icon-Small@2x.png"; sourceTree = "<group>"; };
		487BA4C51597724200EEB099 /* Icon.png */ = {isa = PBXFileReference; lastKnownFileType = image.png; path = Icon.png; sourceTree = "<group>"; };
		487BA4C61597724200EEB099 /* Icon@2x.png */ = {isa = PBXFileReference; lastKnownFileType = image.png; path = "Icon@2x.png"; sourceTree = "<group>"; };
		48BA416615A44FBE00F5885A /* BRHomeViewController.h */ = {isa = PBXFileReference; fileEncoding = 4; lastKnownFileType = sourcecode.c.h; path = BRHomeViewController.h; sourceTree = "<group>"; };
		48BA416715A44FBE00F5885A /* BRHomeViewController.m */ = {isa = PBXFileReference; fileEncoding = 4; lastKnownFileType = sourcecode.c.objc; path = BRHomeViewController.m; sourceTree = "<group>"; };
		48BA416915A44FCC00F5885A /* BRBirthdayDetailViewController.h */ = {isa = PBXFileReference; fileEncoding = 4; lastKnownFileType = sourcecode.c.h; path = BRBirthdayDetailViewController.h; sourceTree = "<group>"; };
		48BA416A15A44FCC00F5885A /* BRBirthdayDetailViewController.m */ = {isa = PBXFileReference; fileEncoding = 4; lastKnownFileType = sourcecode.c.objc; path = BRBirthdayDetailViewController.m; sourceTree = "<group>"; };
		48BEC16615A5B7EB00263FBD /* BRCoreViewController.h */ = {isa = PBXFileReference; fileEncoding = 4; lastKnownFileType = sourcecode.c.h; path = BRCoreViewController.h; sourceTree = "<group>"; };
		48BEC16715A5B7EB00263FBD /* BRCoreViewController.m */ = {isa = PBXFileReference; fileEncoding = 4; lastKnownFileType = sourcecode.c.objc; path = BRCoreViewController.m; sourceTree = "<group>"; };
		48BEC16A15A5BF6D00263FBD /* BRNotesEditViewController.h */ = {isa = PBXFileReference; fileEncoding = 4; lastKnownFileType = sourcecode.c.h; path = BRNotesEditViewController.h; sourceTree = "<group>"; };
		48BEC16B15A5BF6D00263FBD /* BRNotesEditViewController.m */ = {isa = PBXFileReference; fileEncoding = 4; lastKnownFileType = sourcecode.c.objc; path = BRNotesEditViewController.m; sourceTree = "<group>"; };
		48BEC17715A5C23E00263FBD /* BRSettingsViewController.h */ = {isa = PBXFileReference; fileEncoding = 4; lastKnownFileType = sourcecode.c.h; path = BRSettingsViewController.h; sourceTree = "<group>"; };
		48BEC17815A5C23E00263FBD /* BRSettingsViewController.m */ = {isa = PBXFileReference; fileEncoding = 4; lastKnownFileType = sourcecode.c.objc; path = BRSettingsViewController.m; sourceTree = "<group>"; };
		48BEC17A15A5C44D00263FBD /* BRNotificationTimeViewController.h */ = {isa = PBXFileReference; fileEncoding = 4; lastKnownFileType = sourcecode.c.h; path = BRNotificationTimeViewController.h; sourceTree = "<group>"; };
		48BEC17B15A5C44D00263FBD /* BRNotificationTimeViewController.m */ = {isa = PBXFileReference; fileEncoding = 4; lastKnownFileType = sourcecode.c.objc; path = BRNotificationTimeViewController.m; sourceTree = "<group>"; };
		48BEC19315A718C300263FBD /* icon-birthday-cake.png */ = {isa = PBXFileReference; lastKnownFileType = image.png; path = "icon-birthday-cake.png"; sourceTree = "<group>"; };
		48BEC19415A718C300263FBD /* icon-birthday-cake@2x.png */ = {isa = PBXFileReference; lastKnownFileType = image.png; path = "icon-birthday-cake@2x.png"; sourceTree = "<group>"; };
		48BEC19515A718C300263FBD /* thumbnail-background.png */ = {isa = PBXFileReference; lastKnownFileType = image.png; path = "thumbnail-background.png"; sourceTree = "<group>"; };
		48BEC19615A718C300263FBD /* thumbnail-background@2x.png */ = {isa = PBXFileReference; lastKnownFileType = image.png; path = "thumbnail-background@2x.png"; sourceTree = "<group>"; };
		48C7952F15AD863E00A2C4C8 /* aloe-blacc.jpg */ = {isa = PBXFileReference; lastKnownFileType = image.jpeg; path = "aloe-blacc.jpg"; sourceTree = "<group>"; };
		48C7953015AD863E00A2C4C8 /* angelina-jolie.jpg */ = {isa = PBXFileReference; lastKnownFileType = image.jpeg; path = "angelina-jolie.jpg"; sourceTree = "<group>"; };
		48C7953115AD863E00A2C4C8 /* brad-pitt.jpg */ = {isa = PBXFileReference; lastKnownFileType = image.jpeg; path = "brad-pitt.jpg"; sourceTree = "<group>"; };
		48C7953215AD863E00A2C4C8 /* christina-aguilera.jpg */ = {isa = PBXFileReference; lastKnownFileType = image.jpeg; path = "christina-aguilera.jpg"; sourceTree = "<group>"; };
		48C7953315AD863E00A2C4C8 /* jamie-oliver.jpg */ = {isa = PBXFileReference; lastKnownFileType = image.jpeg; path = "jamie-oliver.jpg"; sourceTree = "<group>"; };
		48C7953415AD863E00A2C4C8 /* justin-bieber.jpg */ = {isa = PBXFileReference; lastKnownFileType = image.jpeg; path = "justin-bieber.jpg"; sourceTree = "<group>"; };
		48C7953515AD863E00A2C4C8 /* katy-perry.jpg */ = {isa = PBXFileReference; lastKnownFileType = image.jpeg; path = "katy-perry.jpg"; sourceTree = "<group>"; };
		48C7953615AD863E00A2C4C8 /* olly-murs.jpg */ = {isa = PBXFileReference; lastKnownFileType = image.jpeg; path = "olly-murs.jpg"; sourceTree = "<group>"; };
		48C7953715AD863E00A2C4C8 /* russell-brand.jpg */ = {isa = PBXFileReference; lastKnownFileType = image.jpeg; path = "russell-brand.jpg"; sourceTree = "<group>"; };
		48C7953815AD863E00A2C4C8 /* scarlett-johansson.jpg */ = {isa = PBXFileReference; lastKnownFileType = image.jpeg; path = "scarlett-johansson.jpg"; sourceTree = "<group>"; };
		48C7954415AD864500A2C4C8 /* birthdays.plist */ = {isa = PBXFileReference; fileEncoding = 4; lastKnownFileType = text.plist.xml; path = birthdays.plist; sourceTree = "<group>"; };
		48DCFDF315A594FE006B2C66 /* BRBirthdayEditViewController.h */ = {isa = PBXFileReference; fileEncoding = 4; lastKnownFileType = sourcecode.c.h; path = BRBirthdayEditViewController.h; sourceTree = "<group>"; };
		48DCFDF415A594FE006B2C66 /* BRBirthdayEditViewController.m */ = {isa = PBXFileReference; fileEncoding = 4; lastKnownFileType = sourcecode.c.objc; path = BRBirthdayEditViewController.m; sourceTree = "<group>"; };
		48DEA8DE15C17F9E00397172 /* UIImage+Thumbnail.h */ = {isa = PBXFileReference; fileEncoding = 4; lastKnownFileType = sourcecode.c.h; path = "UIImage+Thumbnail.h"; sourceTree = "<group>"; };
		48DEA8DF15C17F9E00397172 /* UIImage+Thumbnail.m */ = {isa = PBXFileReference; fileEncoding = 4; lastKnownFileType = sourcecode.c.objc; path = "UIImage+Thumbnail.m"; sourceTree = "<group>"; };
		48DEA8F915C2AC7800397172 /* app-background.png */ = {isa = PBXFileReference; lastKnownFileType = image.png; path = "app-background.png"; sourceTree = "<group>"; };
		48DEA8FA15C2AC7800397172 /* app-background@2x.png */ = {isa = PBXFileReference; lastKnownFileType = image.png; path = "app-background@2x.png"; sourceTree = "<group>"; };
		48DEA91A15C2B5B900397172 /* icon-days-remaining.png */ = {isa = PBXFileReference; lastKnownFileType = image.png; path = "icon-days-remaining.png"; sourceTree = "<group>"; };
		48DEA91B15C2B5B900397172 /* icon-days-remaining@2x.png */ = {isa = PBXFileReference; lastKnownFileType = image.png; path = "icon-days-remaining@2x.png"; sourceTree = "<group>"; };
		48DEA92315C2E2D200397172 /* BRBirthdayTableViewCell.h */ = {isa = PBXFileReference; fileEncoding = 4; lastKnownFileType = sourcecode.c.h; path = BRBirthdayTableViewCell.h; sourceTree = "<group>"; };
		48DEA92415C2E2D200397172 /* BRBirthdayTableViewCell.m */ = {isa = PBXFileReference; fileEncoding = 4; lastKnownFileType = sourcecode.c.objc; path = BRBirthdayTableViewCell.m; sourceTree = "<group>"; };
		48DEA92615C2E65E00397172 /* table-row-background.png */ = {isa = PBXFileReference; lastKnownFileType = image.png; path = "table-row-background.png"; sourceTree = "<group>"; };
		48DEA92715C2E65E00397172 /* table-row-background@2x.png */ = {isa = PBXFileReference; lastKnownFileType = image.png; path = "table-row-background@2x.png"; sourceTree = "<group>"; };
		48DEA92815C2E65E00397172 /* table-row-icing-background.png */ = {isa = PBXFileReference; lastKnownFileType = image.png; path = "table-row-icing-background.png"; sourceTree = "<group>"; };
		48DEA92915C2E65E00397172 /* table-row-icing-background@2x.png */ = {isa = PBXFileReference; lastKnownFileType = image.png; path = "table-row-icing-background@2x.png"; sourceTree = "<group>"; };
		48DEA92E15C2E80100397172 /* BRStyleSheet.h */ = {isa = PBXFileReference; fileEncoding = 4; lastKnownFileType = sourcecode.c.h; path = BRStyleSheet.h; sourceTree = "<group>"; };
		48DEA92F15C2E80100397172 /* BRStyleSheet.m */ = {isa = PBXFileReference; fileEncoding = 4; lastKnownFileType = sourcecode.c.objc; path = BRStyleSheet.m; sourceTree = "<group>"; };
		48DEA93515C2F14E00397172 /* QuartzCore.framework */ = {isa = PBXFileReference; lastKnownFileType = wrapper.framework; name = QuartzCore.framework; path = System/Library/Frameworks/QuartzCore.framework; sourceTree = SDKROOT; };
		48DEA93715C2F26100397172 /* icon-add-new.png */ = {isa = PBXFileReference; lastKnownFileType = image.png; path = "icon-add-new.png"; sourceTree = "<group>"; };
		48DEA93815C2F26100397172 /* icon-add-new@2x.png */ = {isa = PBXFileReference; lastKnownFileType = image.png; path = "icon-add-new@2x.png"; sourceTree = "<group>"; };
		48DEA93915C2F26100397172 /* icon-settings.png */ = {isa = PBXFileReference; lastKnownFileType = image.png; path = "icon-settings.png"; sourceTree = "<group>"; };
		48DEA93A15C2F26100397172 /* icon-settings@2x.png */ = {isa = PBXFileReference; lastKnownFileType = image.png; path = "icon-settings@2x.png"; sourceTree = "<group>"; };
		48DEA93F15C2F3C400397172 /* button-blue.png */ = {isa = PBXFileReference; lastKnownFileType = image.png; path = "button-blue.png"; sourceTree = "<group>"; };
		48DEA94015C2F3C400397172 /* button-blue@2x.png */ = {isa = PBXFileReference; lastKnownFileType = image.png; path = "button-blue@2x.png"; sourceTree = "<group>"; };
		48DEA94115C2F3C400397172 /* button-red.png */ = {isa = PBXFileReference; lastKnownFileType = image.png; path = "button-red.png"; sourceTree = "<group>"; };
		48DEA94215C2F3C400397172 /* button-red@2x.png */ = {isa = PBXFileReference; lastKnownFileType = image.png; path = "button-red@2x.png"; sourceTree = "<group>"; };
		48DEA94315C2F3C400397172 /* icon-call.png */ = {isa = PBXFileReference; lastKnownFileType = image.png; path = "icon-call.png"; sourceTree = "<group>"; };
		48DEA94415C2F3C400397172 /* icon-call@2x.png */ = {isa = PBXFileReference; lastKnownFileType = image.png; path = "icon-call@2x.png"; sourceTree = "<group>"; };
		48DEA94515C2F3C400397172 /* icon-delete.png */ = {isa = PBXFileReference; lastKnownFileType = image.png; path = "icon-delete.png"; sourceTree = "<group>"; };
		48DEA94615C2F3C400397172 /* icon-delete@2x.png */ = {isa = PBXFileReference; lastKnownFileType = image.png; path = "icon-delete@2x.png"; sourceTree = "<group>"; };
		48DEA94715C2F3C400397172 /* icon-email.png */ = {isa = PBXFileReference; lastKnownFileType = image.png; path = "icon-email.png"; sourceTree = "<group>"; };
		48DEA94815C2F3C400397172 /* icon-email@2x.png */ = {isa = PBXFileReference; lastKnownFileType = image.png; path = "icon-email@2x.png"; sourceTree = "<group>"; };
		48DEA94915C2F3C400397172 /* icon-facebook.png */ = {isa = PBXFileReference; lastKnownFileType = image.png; path = "icon-facebook.png"; sourceTree = "<group>"; };
		48DEA94A15C2F3C400397172 /* icon-facebook@2x.png */ = {isa = PBXFileReference; lastKnownFileType = image.png; path = "icon-facebook@2x.png"; sourceTree = "<group>"; };
		48DEA94B15C2F3C400397172 /* icon-notes.png */ = {isa = PBXFileReference; lastKnownFileType = image.png; path = "icon-notes.png"; sourceTree = "<group>"; };
		48DEA94C15C2F3C400397172 /* icon-notes@2x.png */ = {isa = PBXFileReference; lastKnownFileType = image.png; path = "icon-notes@2x.png"; sourceTree = "<group>"; };
		48DEA94D15C2F3C400397172 /* icon-sms.png */ = {isa = PBXFileReference; lastKnownFileType = image.png; path = "icon-sms.png"; sourceTree = "<group>"; };
		48DEA94E15C2F3C400397172 /* icon-sms@2x.png */ = {isa = PBXFileReference; lastKnownFileType = image.png; path = "icon-sms@2x.png"; sourceTree = "<group>"; };
		48DEA94F15C2F3C400397172 /* navigation-bar-background.png */ = {isa = PBXFileReference; lastKnownFileType = image.png; path = "navigation-bar-background.png"; sourceTree = "<group>"; };
		48DEA95015C2F3C400397172 /* navigation-bar-background@2x.png */ = {isa = PBXFileReference; lastKnownFileType = image.png; path = "navigation-bar-background@2x.png"; sourceTree = "<group>"; };
		48DEA95115C2F3C400397172 /* tool-bar-background.png */ = {isa = PBXFileReference; lastKnownFileType = image.png; path = "tool-bar-background.png"; sourceTree = "<group>"; };
		48DEA95215C2F3C400397172 /* tool-bar-background@2x.png */ = {isa = PBXFileReference; lastKnownFileType = image.png; path = "tool-bar-background@2x.png"; sourceTree = "<group>"; };
/* End PBXFileReference section */

/* Begin PBXFrameworksBuildPhase section */
		487BA4601594B02B00EEB099 /* Frameworks */ = {
			isa = PBXFrameworksBuildPhase;
			buildActionMask = 2147483647;
			files = (
				48DEA93615C2F14E00397172 /* QuartzCore.framework in Frameworks */,
				4867FEA215C15B970051C7DB /* CoreData.framework in Frameworks */,
				487BA4681594B02C00EEB099 /* UIKit.framework in Frameworks */,
				487BA46A1594B02C00EEB099 /* Foundation.framework in Frameworks */,
				487BA46C1594B02C00EEB099 /* CoreGraphics.framework in Frameworks */,
			);
			runOnlyForDeploymentPostprocessing = 0;
		};
/* End PBXFrameworksBuildPhase section */

/* Begin PBXGroup section */
		4867FEA415C15BCE0051C7DB /* data */ = {
			isa = PBXGroup;
			children = (
				4867FEA515C15BE70051C7DB /* BirthdayReminder.xcdatamodeld */,
				4867FEA815C15D000051C7DB /* BRDBirthday.h */,
				4867FEA915C15D000051C7DB /* BRDBirthday.m */,
				4867FEAB15C15ED70051C7DB /* BRDModel.h */,
				4867FEAC15C15ED70051C7DB /* BRDModel.m */,
			);
			path = data;
			sourceTree = "<group>";
		};
		487BA4581594B02B00EEB099 = {
			isa = PBXGroup;
			children = (
				487BA46D1594B02C00EEB099 /* BirthdayReminder */,
				487BA4661594B02C00EEB099 /* Frameworks */,
				487BA4641594B02C00EEB099 /* Products */,
			);
			sourceTree = "<group>";
		};
		487BA4641594B02C00EEB099 /* Products */ = {
			isa = PBXGroup;
			children = (
				487BA4631594B02C00EEB099 /* BirthdayReminder.app */,
			);
			name = Products;
			sourceTree = "<group>";
		};
		487BA4661594B02C00EEB099 /* Frameworks */ = {
			isa = PBXGroup;
			children = (
				48DEA93515C2F14E00397172 /* QuartzCore.framework */,
				4867FEA115C15B970051C7DB /* CoreData.framework */,
				487BA4671594B02C00EEB099 /* UIKit.framework */,
				487BA4691594B02C00EEB099 /* Foundation.framework */,
				487BA46B1594B02C00EEB099 /* CoreGraphics.framework */,
			);
			name = Frameworks;
			sourceTree = "<group>";
		};
		487BA46D1594B02C00EEB099 /* BirthdayReminder */ = {
			isa = PBXGroup;
			children = (
				4867FEA415C15BCE0051C7DB /* data */,
				48BA416315A44E3B00F5885A /* user-interface */,
				487BA4761594B02C00EEB099 /* BRAppDelegate.h */,
				487BA4771594B02C00EEB099 /* BRAppDelegate.m */,
				487BA4791594B02C00EEB099 /* MainStoryboard.storyboard */,
				487BA4BD1597724200EEB099 /* resources */,
				487BA46E1594B02C00EEB099 /* Supporting Files */,
			);
			path = BirthdayReminder;
			sourceTree = "<group>";
		};
		487BA46E1594B02C00EEB099 /* Supporting Files */ = {
			isa = PBXGroup;
			children = (
				487BA46F1594B02C00EEB099 /* BirthdayReminder-Info.plist */,
				487BA4701594B02C00EEB099 /* InfoPlist.strings */,
				487BA4731594B02C00EEB099 /* main.m */,
				487BA4751594B02C00EEB099 /* BirthdayReminder-Prefix.pch */,
			);
			name = "Supporting Files";
			sourceTree = "<group>";
		};
		487BA4BD1597724200EEB099 /* resources */ = {
			isa = PBXGroup;
			children = (
				48C7954415AD864500A2C4C8 /* birthdays.plist */,
				487BA4BE1597724200EEB099 /* images */,
			);
			path = resources;
			sourceTree = "<group>";
		};
		487BA4BE1597724200EEB099 /* images */ = {
			isa = PBXGroup;
			children = (
				48DEA93F15C2F3C400397172 /* button-blue.png */,
				48DEA94015C2F3C400397172 /* button-blue@2x.png */,
				48DEA94115C2F3C400397172 /* button-red.png */,
				48DEA94215C2F3C400397172 /* button-red@2x.png */,
				48DEA94315C2F3C400397172 /* icon-call.png */,
				48DEA94415C2F3C400397172 /* icon-call@2x.png */,
				48DEA94515C2F3C400397172 /* icon-delete.png */,
				48DEA94615C2F3C400397172 /* icon-delete@2x.png */,
				48DEA94715C2F3C400397172 /* icon-email.png */,
				48DEA94815C2F3C400397172 /* icon-email@2x.png */,
				48DEA94915C2F3C400397172 /* icon-facebook.png */,
				48DEA94A15C2F3C400397172 /* icon-facebook@2x.png */,
				48DEA94B15C2F3C400397172 /* icon-notes.png */,
				48DEA94C15C2F3C400397172 /* icon-notes@2x.png */,
				48DEA94D15C2F3C400397172 /* icon-sms.png */,
				48DEA94E15C2F3C400397172 /* icon-sms@2x.png */,
				48DEA94F15C2F3C400397172 /* navigation-bar-background.png */,
				48DEA95015C2F3C400397172 /* navigation-bar-background@2x.png */,
				48DEA95115C2F3C400397172 /* tool-bar-background.png */,
				48DEA95215C2F3C400397172 /* tool-bar-background@2x.png */,
				48DEA93715C2F26100397172 /* icon-add-new.png */,
				48DEA93815C2F26100397172 /* icon-add-new@2x.png */,
				48DEA93915C2F26100397172 /* icon-settings.png */,
				48DEA93A15C2F26100397172 /* icon-settings@2x.png */,
				48DEA92615C2E65E00397172 /* table-row-background.png */,
				48DEA92715C2E65E00397172 /* table-row-background@2x.png */,
				48DEA92815C2E65E00397172 /* table-row-icing-background.png */,
				48DEA92915C2E65E00397172 /* table-row-icing-background@2x.png */,
				48DEA8F915C2AC7800397172 /* app-background.png */,
				48DEA8FA15C2AC7800397172 /* app-background@2x.png */,
				48DEA91A15C2B5B900397172 /* icon-days-remaining.png */,
				48DEA91B15C2B5B900397172 /* icon-days-remaining@2x.png */,
				48C7952E15AD863E00A2C4C8 /* Celebrity Pics */,
				48BEC19315A718C300263FBD /* icon-birthday-cake.png */,
				48BEC19415A718C300263FBD /* icon-birthday-cake@2x.png */,
				48BEC19515A718C300263FBD /* thumbnail-background.png */,
				48BEC19615A718C300263FBD /* thumbnail-background@2x.png */,
				487BA4BF1597724200EEB099 /* Default.png */,
				487BA4C01597724200EEB099 /* Default@2x.png */,
				48112A7A161DD4FE0094A639 /* Default-568h@2x.png */,
				487BA4C11597724200EEB099 /* Icon-72.png */,
				487BA4C21597724200EEB099 /* Icon-72@2x.png */,
				487BA4C31597724200EEB099 /* Icon-Small.png */,
				487BA4C41597724200EEB099 /* Icon-Small@2x.png */,
				487BA4C51597724200EEB099 /* Icon.png */,
				487BA4C61597724200EEB099 /* Icon@2x.png */,
			);
			path = images;
			sourceTree = "<group>";
		};
		48BA416315A44E3B00F5885A /* user-interface */ = {
			isa = PBXGroup;
			children = (
				48DEA92215C2DB8100397172 /* components */,
				48DEA8DC15C17F1D00397172 /* categories */,
				48BA416415A44E3B00F5885A /* view-controllers */,
				48DEA92E15C2E80100397172 /* BRStyleSheet.h */,
				48DEA92F15C2E80100397172 /* BRStyleSheet.m */,
			);
			path = "user-interface";
			sourceTree = "<group>";
		};
		48BA416415A44E3B00F5885A /* view-controllers */ = {
			isa = PBXGroup;
			children = (
				48BA416615A44FBE00F5885A /* BRHomeViewController.h */,
				48BA416715A44FBE00F5885A /* BRHomeViewController.m */,
				48BA416915A44FCC00F5885A /* BRBirthdayDetailViewController.h */,
				48BA416A15A44FCC00F5885A /* BRBirthdayDetailViewController.m */,
				48DCFDF315A594FE006B2C66 /* BRBirthdayEditViewController.h */,
				48DCFDF415A594FE006B2C66 /* BRBirthdayEditViewController.m */,
				48BEC16615A5B7EB00263FBD /* BRCoreViewController.h */,
				48BEC16715A5B7EB00263FBD /* BRCoreViewController.m */,
				48BEC16A15A5BF6D00263FBD /* BRNotesEditViewController.h */,
				48BEC16B15A5BF6D00263FBD /* BRNotesEditViewController.m */,
				48BEC17715A5C23E00263FBD /* BRSettingsViewController.h */,
				48BEC17815A5C23E00263FBD /* BRSettingsViewController.m */,
				48BEC17A15A5C44D00263FBD /* BRNotificationTimeViewController.h */,
				48BEC17B15A5C44D00263FBD /* BRNotificationTimeViewController.m */,
			);
			path = "view-controllers";
			sourceTree = "<group>";
		};
		48C7952E15AD863E00A2C4C8 /* Celebrity Pics */ = {
			isa = PBXGroup;
			children = (
				48C7952F15AD863E00A2C4C8 /* aloe-blacc.jpg */,
				48C7953015AD863E00A2C4C8 /* angelina-jolie.jpg */,
				48C7953115AD863E00A2C4C8 /* brad-pitt.jpg */,
				48C7953215AD863E00A2C4C8 /* christina-aguilera.jpg */,
				48C7953315AD863E00A2C4C8 /* jamie-oliver.jpg */,
				48C7953415AD863E00A2C4C8 /* justin-bieber.jpg */,
				48C7953515AD863E00A2C4C8 /* katy-perry.jpg */,
				48C7953615AD863E00A2C4C8 /* olly-murs.jpg */,
				48C7953715AD863E00A2C4C8 /* russell-brand.jpg */,
				48C7953815AD863E00A2C4C8 /* scarlett-johansson.jpg */,
			);
			path = "Celebrity Pics";
			sourceTree = "<group>";
		};
		48DEA8DC15C17F1D00397172 /* categories */ = {
			isa = PBXGroup;
			children = (
				48DEA8DE15C17F9E00397172 /* UIImage+Thumbnail.h */,
				48DEA8DF15C17F9E00397172 /* UIImage+Thumbnail.m */,
			);
			path = categories;
			sourceTree = "<group>";
		};
		48DEA92215C2DB8100397172 /* components */ = {
			isa = PBXGroup;
			children = (
				48DEA92315C2E2D200397172 /* BRBirthdayTableViewCell.h */,
				48DEA92415C2E2D200397172 /* BRBirthdayTableViewCell.m */,
				484F123115C5EC8200AF5BBD /* BRBlueButton.h */,
				484F123215C5EC8200AF5BBD /* BRBlueButton.m */,
				484F123515C5EC9B00AF5BBD /* BRRedButton.h */,
				484F123615C5EC9B00AF5BBD /* BRRedButton.m */,
			);
			path = components;
			sourceTree = "<group>";
		};
/* End PBXGroup section */

/* Begin PBXNativeTarget section */
		487BA4621594B02B00EEB099 /* BirthdayReminder */ = {
			isa = PBXNativeTarget;
			buildConfigurationList = 487BA4811594B02C00EEB099 /* Build configuration list for PBXNativeTarget "BirthdayReminder" */;
			buildPhases = (
				487BA45F1594B02B00EEB099 /* Sources */,
				487BA4601594B02B00EEB099 /* Frameworks */,
				487BA4611594B02B00EEB099 /* Resources */,
			);
			buildRules = (
			);
			dependencies = (
			);
			name = BirthdayReminder;
			productName = BirthdayReminder;
			productReference = 487BA4631594B02C00EEB099 /* BirthdayReminder.app */;
			productType = "com.apple.product-type.application";
		};
/* End PBXNativeTarget section */

/* Begin PBXProject section */
		487BA45A1594B02B00EEB099 /* Project object */ = {
			isa = PBXProject;
			attributes = {
				CLASSPREFIX = BR;
				LastUpgradeCheck = 0450;
				ORGANIZATIONNAME = "Nick Kuh";
			};
			buildConfigurationList = 487BA45D1594B02B00EEB099 /* Build configuration list for PBXProject "BirthdayReminder" */;
			compatibilityVersion = "Xcode 3.2";
			developmentRegion = English;
			hasScannedForEncodings = 0;
			knownRegions = (
				en,
			);
			mainGroup = 487BA4581594B02B00EEB099;
			productRefGroup = 487BA4641594B02C00EEB099 /* Products */;
			projectDirPath = "";
			projectRoot = "";
			targets = (
				487BA4621594B02B00EEB099 /* BirthdayReminder */,
			);
		};
/* End PBXProject section */

/* Begin PBXResourcesBuildPhase section */
		487BA4611594B02B00EEB099 /* Resources */ = {
			isa = PBXResourcesBuildPhase;
			buildActionMask = 2147483647;
			files = (
				487BA4721594B02C00EEB099 /* InfoPlist.strings in Resources */,
				487BA47B1594B02C00EEB099 /* MainStoryboard.storyboard in Resources */,
				487BA4C71597724200EEB099 /* Default.png in Resources */,
				487BA4C81597724200EEB099 /* Default@2x.png in Resources */,
				487BA4C91597724200EEB099 /* Icon-72.png in Resources */,
				487BA4CA1597724200EEB099 /* Icon-72@2x.png in Resources */,
				487BA4CB1597724200EEB099 /* Icon-Small.png in Resources */,
				487BA4CC1597724200EEB099 /* Icon-Small@2x.png in Resources */,
				487BA4CD1597724200EEB099 /* Icon.png in Resources */,
				487BA4CE1597724200EEB099 /* Icon@2x.png in Resources */,
				48BEC19715A718C300263FBD /* icon-birthday-cake.png in Resources */,
				48BEC19815A718C300263FBD /* icon-birthday-cake@2x.png in Resources */,
				48BEC19915A718C300263FBD /* thumbnail-background.png in Resources */,
				48BEC19A15A718C300263FBD /* thumbnail-background@2x.png in Resources */,
				48C7953915AD863E00A2C4C8 /* aloe-blacc.jpg in Resources */,
				48C7953A15AD863E00A2C4C8 /* angelina-jolie.jpg in Resources */,
				48C7953B15AD863E00A2C4C8 /* brad-pitt.jpg in Resources */,
				48C7953C15AD863E00A2C4C8 /* christina-aguilera.jpg in Resources */,
				48C7953D15AD863E00A2C4C8 /* jamie-oliver.jpg in Resources */,
				48C7953E15AD863E00A2C4C8 /* justin-bieber.jpg in Resources */,
				48C7953F15AD863E00A2C4C8 /* katy-perry.jpg in Resources */,
				48C7954015AD863E00A2C4C8 /* olly-murs.jpg in Resources */,
				48C7954115AD863E00A2C4C8 /* russell-brand.jpg in Resources */,
				48C7954215AD863E00A2C4C8 /* scarlett-johansson.jpg in Resources */,
				48C7954515AD864500A2C4C8 /* birthdays.plist in Resources */,
				48DEA8FB15C2AC7800397172 /* app-background.png in Resources */,
				48DEA8FC15C2AC7800397172 /* app-background@2x.png in Resources */,
				48DEA91C15C2B5B900397172 /* icon-days-remaining.png in Resources */,
				48DEA91D15C2B5B900397172 /* icon-days-remaining@2x.png in Resources */,
				48DEA92A15C2E65E00397172 /* table-row-background.png in Resources */,
				48DEA92B15C2E65E00397172 /* table-row-background@2x.png in Resources */,
				48DEA92C15C2E65E00397172 /* table-row-icing-background.png in Resources */,
				48DEA92D15C2E65E00397172 /* table-row-icing-background@2x.png in Resources */,
				48DEA93B15C2F26100397172 /* icon-add-new.png in Resources */,
				48DEA93C15C2F26100397172 /* icon-add-new@2x.png in Resources */,
				48DEA93D15C2F26100397172 /* icon-settings.png in Resources */,
				48DEA93E15C2F26100397172 /* icon-settings@2x.png in Resources */,
				48DEA95315C2F3C400397172 /* button-blue.png in Resources */,
				48DEA95415C2F3C400397172 /* button-blue@2x.png in Resources */,
				48DEA95515C2F3C400397172 /* button-red.png in Resources */,
				48DEA95615C2F3C400397172 /* button-red@2x.png in Resources */,
				48DEA95715C2F3C400397172 /* icon-call.png in Resources */,
				48DEA95815C2F3C400397172 /* icon-call@2x.png in Resources */,
				48DEA95915C2F3C400397172 /* icon-delete.png in Resources */,
				48DEA95A15C2F3C400397172 /* icon-delete@2x.png in Resources */,
				48DEA95B15C2F3C400397172 /* icon-email.png in Resources */,
				48DEA95C15C2F3C400397172 /* icon-email@2x.png in Resources */,
				48DEA95D15C2F3C400397172 /* icon-facebook.png in Resources */,
				48DEA95E15C2F3C400397172 /* icon-facebook@2x.png in Resources */,
				48DEA95F15C2F3C400397172 /* icon-notes.png in Resources */,
				48DEA96015C2F3C400397172 /* icon-notes@2x.png in Resources */,
				48DEA96115C2F3C400397172 /* icon-sms.png in Resources */,
				48DEA96215C2F3C400397172 /* icon-sms@2x.png in Resources */,
				48DEA96315C2F3C400397172 /* navigation-bar-background.png in Resources */,
				48DEA96415C2F3C400397172 /* navigation-bar-background@2x.png in Resources */,
				48DEA96515C2F3C400397172 /* tool-bar-background.png in Resources */,
				48DEA96615C2F3C400397172 /* tool-bar-background@2x.png in Resources */,
				48112A7B161DD4FE0094A639 /* Default-568h@2x.png in Resources */,
			);
			runOnlyForDeploymentPostprocessing = 0;
		};
/* End PBXResourcesBuildPhase section */

/* Begin PBXSourcesBuildPhase section */
		487BA45F1594B02B00EEB099 /* Sources */ = {
			isa = PBXSourcesBuildPhase;
			buildActionMask = 2147483647;
			files = (
				487BA4741594B02C00EEB099 /* main.m in Sources */,
				487BA4781594B02C00EEB099 /* BRAppDelegate.m in Sources */,
				48BA416815A44FBE00F5885A /* BRHomeViewController.m in Sources */,
				48BA416B15A44FCC00F5885A /* BRBirthdayDetailViewController.m in Sources */,
				48DCFDF515A594FE006B2C66 /* BRBirthdayEditViewController.m in Sources */,
				48BEC16815A5B7EB00263FBD /* BRCoreViewController.m in Sources */,
				48BEC16C15A5BF6E00263FBD /* BRNotesEditViewController.m in Sources */,
				48BEC17915A5C23E00263FBD /* BRSettingsViewController.m in Sources */,
				48BEC17C15A5C44D00263FBD /* BRNotificationTimeViewController.m in Sources */,
				4867FEA715C15BE70051C7DB /* BirthdayReminder.xcdatamodeld in Sources */,
				4867FEAA15C15D000051C7DB /* BRDBirthday.m in Sources */,
				4867FEAD15C15ED70051C7DB /* BRDModel.m in Sources */,
				48DEA8E015C17F9E00397172 /* UIImage+Thumbnail.m in Sources */,
				48DEA92515C2E2D200397172 /* BRBirthdayTableViewCell.m in Sources */,
				48DEA93015C2E80100397172 /* BRStyleSheet.m in Sources */,
				484F123315C5EC8200AF5BBD /* BRBlueButton.m in Sources */,
				484F123715C5EC9B00AF5BBD /* BRRedButton.m in Sources */,
			);
			runOnlyForDeploymentPostprocessing = 0;
		};
/* End PBXSourcesBuildPhase section */

/* Begin PBXVariantGroup section */
		487BA4701594B02C00EEB099 /* InfoPlist.strings */ = {
			isa = PBXVariantGroup;
			children = (
				487BA4711594B02C00EEB099 /* en */,
			);
			name = InfoPlist.strings;
			sourceTree = "<group>";
		};
		487BA4791594B02C00EEB099 /* MainStoryboard.storyboard */ = {
			isa = PBXVariantGroup;
			children = (
				487BA47A1594B02C00EEB099 /* en */,
			);
			name = MainStoryboard.storyboard;
			sourceTree = "<group>";
		};
/* End PBXVariantGroup section */

/* Begin XCBuildConfiguration section */
		487BA47F1594B02C00EEB099 /* Debug */ = {
			isa = XCBuildConfiguration;
			buildSettings = {
				ALWAYS_SEARCH_USER_PATHS = NO;
				CLANG_CXX_LANGUAGE_STANDARD = "gnu++0x";
				CLANG_ENABLE_OBJC_ARC = YES;
				CLANG_WARN__DUPLICATE_METHOD_MATCH = YES;
				"CODE_SIGN_IDENTITY[sdk=iphoneos*]" = "iPhone Developer";
				COPY_PHASE_STRIP = NO;
				GCC_C_LANGUAGE_STANDARD = gnu99;
				GCC_DYNAMIC_NO_PIC = NO;
				GCC_OPTIMIZATION_LEVEL = 0;
				GCC_PREPROCESSOR_DEFINITIONS = (
					"DEBUG=1",
					"$(inherited)",
				);
				GCC_SYMBOLS_PRIVATE_EXTERN = NO;
				GCC_WARN_ABOUT_RETURN_TYPE = YES;
				GCC_WARN_UNINITIALIZED_AUTOS = YES;
				GCC_WARN_UNUSED_VARIABLE = YES;
				IPHONEOS_DEPLOYMENT_TARGET = 6.0;
				SDKROOT = iphoneos;
			};
			name = Debug;
		};
		487BA4801594B02C00EEB099 /* Release */ = {
			isa = XCBuildConfiguration;
			buildSettings = {
				ALWAYS_SEARCH_USER_PATHS = NO;
				CLANG_CXX_LANGUAGE_STANDARD = "gnu++0x";
				CLANG_ENABLE_OBJC_ARC = YES;
				CLANG_WARN__DUPLICATE_METHOD_MATCH = YES;
				"CODE_SIGN_IDENTITY[sdk=iphoneos*]" = "iPhone Developer";
				COPY_PHASE_STRIP = YES;
				GCC_C_LANGUAGE_STANDARD = gnu99;
				GCC_WARN_ABOUT_RETURN_TYPE = YES;
				GCC_WARN_UNINITIALIZED_AUTOS = YES;
				GCC_WARN_UNUSED_VARIABLE = YES;
				IPHONEOS_DEPLOYMENT_TARGET = 6.0;
				OTHER_CFLAGS = "-DNS_BLOCK_ASSERTIONS=1";
				SDKROOT = iphoneos;
				VALIDATE_PRODUCT = YES;
			};
			name = Release;
		};
		487BA4821594B02C00EEB099 /* Debug */ = {
			isa = XCBuildConfiguration;
			buildSettings = {
				GCC_PRECOMPILE_PREFIX_HEADER = YES;
				GCC_PREFIX_HEADER = "BirthdayReminder/BirthdayReminder-Prefix.pch";
				INFOPLIST_FILE = "BirthdayReminder/BirthdayReminder-Info.plist";
				PRODUCT_NAME = "$(TARGET_NAME)";
				WRAPPER_EXTENSION = app;
			};
			name = Debug;
		};
		487BA4831594B02C00EEB099 /* Release */ = {
			isa = XCBuildConfiguration;
			buildSettings = {
				GCC_PRECOMPILE_PREFIX_HEADER = YES;
				GCC_PREFIX_HEADER = "BirthdayReminder/BirthdayReminder-Prefix.pch";
				INFOPLIST_FILE = "BirthdayReminder/BirthdayReminder-Info.plist";
				PRODUCT_NAME = "$(TARGET_NAME)";
				WRAPPER_EXTENSION = app;
			};
			name = Release;
		};
/* End XCBuildConfiguration section */

/* Begin XCConfigurationList section */
		487BA45D1594B02B00EEB099 /* Build configuration list for PBXProject "BirthdayReminder" */ = {
			isa = XCConfigurationList;
			buildConfigurations = (
				487BA47F1594B02C00EEB099 /* Debug */,
				487BA4801594B02C00EEB099 /* Release */,
			);
			defaultConfigurationIsVisible = 0;
			defaultConfigurationName = Release;
		};
		487BA4811594B02C00EEB099 /* Build configuration list for PBXNativeTarget "BirthdayReminder" */ = {
			isa = XCConfigurationList;
			buildConfigurations = (
				487BA4821594B02C00EEB099 /* Debug */,
				487BA4831594B02C00EEB099 /* Release */,
			);
			defaultConfigurationIsVisible = 0;
			defaultConfigurationName = Release;
		};
/* End XCConfigurationList section */

/* Begin XCVersionGroup section */
		4867FEA515C15BE70051C7DB /* BirthdayReminder.xcdatamodeld */ = {
			isa = XCVersionGroup;
			children = (
				4867FEA615C15BE70051C7DB /* BirthdayReminder.xcdatamodel */,
			);
			currentVersion = 4867FEA615C15BE70051C7DB /* BirthdayReminder.xcdatamodel */;
			path = BirthdayReminder.xcdatamodeld;
			sourceTree = "<group>";
			versionGroupType = wrapper.xcdatamodel;
		};
/* End XCVersionGroup section */
	};
	rootObject = 487BA45A1594B02B00EEB099 /* Project object */;
}
